
Microsoft Visual Studio Solution File, Format Version 12.00
# Visual Studio Version 16
VisualStudioVersion = 16.0.30002.166
MinimumVisualStudioVersion = 10.0.40219.1
Project("{FAE04EC0-301F-11D3-BF4B-00C04F79EFBC}") = "ODataTest", "ODataTest\ODataTest.csproj", "{C2B5020F-6F13-46E5-A157-5696F28B645D}"
EndProject
Global
	GlobalSection(SolutionConfigurationPlatforms) = preSolution
		Debug|Any CPU = Debug|Any CPU
		Release|Any CPU = Release|Any CPU
	EndGlobalSection
	GlobalSection(ProjectConfigurationPlatforms) = postSolution
		{C2B5020F-6F13-46E5-A157-5696F28B645D}.Debug|Any CPU.ActiveCfg = Debug|Any CPU
		{C2B5020F-6F13-46E5-A157-5696F28B645D}.Debug|Any CPU.Build.0 = Debug|Any CPU
		{C2B5020F-6F13-46E5-A157-5696F28B645D}.Release|Any CPU.ActiveCfg = Release|Any CPU
		{C2B5020F-6F13-46E5-A157-5696F28B645D}.Release|Any CPU.Build.0 = Release|Any CPU
	EndGlobalSection
	GlobalSection(SolutionProperties) = preSolution
		HideSolutionNode = FALSE
	EndGlobalSection
	GlobalSection(ExtensibilityGlobals) = postSolution
		SolutionGuid = {5BBE2050-4467-4D04-AC57-359EF33CB587}
	EndGlobalSection
EndGlobal
